
Microsoft Visual Studio Solution File, Format Version 12.00
# Visual Studio Version 17
VisualStudioVersion = 17.0.31903.59
MinimumVisualStudioVersion = 10.0.40219.1
Project("{FAE04EC0-301F-11D3-BF4B-00C04F79EFBC}") = "SzczurTests", "SzczurTests\SzczurTests.csproj", "{D5698F47-7E23-4E2B-921E-E23D0E5429FA}"
EndProject
Project("{FAE04EC0-301F-11D3-BF4B-00C04F79EFBC}") = "SzczurApp", "SzczurApp\SzczurApp.csproj", "{45F4F50D-FC26-473C-87DC-C5188516616A}"
EndProject
Global
	GlobalSection(SolutionConfigurationPlatforms) = preSolution
		Debug|Any CPU = Debug|Any CPU
		Release|Any CPU = Release|Any CPU
	EndGlobalSection
	GlobalSection(ProjectConfigurationPlatforms) = postSolution
		{D5698F47-7E23-4E2B-921E-E23D0E5429FA}.Debug|Any CPU.ActiveCfg = Debug|Any CPU
		{D5698F47-7E23-4E2B-921E-E23D0E5429FA}.Debug|Any CPU.Build.0 = Debug|Any CPU
		{D5698F47-7E23-4E2B-921E-E23D0E5429FA}.Release|Any CPU.ActiveCfg = Release|Any CPU
		{D5698F47-7E23-4E2B-921E-E23D0E5429FA}.Release|Any CPU.Build.0 = Release|Any CPU
		{4E5F2AA0-17C7-4ED3-8997-EF6DC4C09658}.Debug|Any CPU.ActiveCfg = Debug|Any CPU
		{4E5F2AA0-17C7-4ED3-8997-EF6DC4C09658}.Debug|Any CPU.Build.0 = Debug|Any CPU
		{4E5F2AA0-17C7-4ED3-8997-EF6DC4C09658}.Release|Any CPU.ActiveCfg = Release|Any CPU
		{4E5F2AA0-17C7-4ED3-8997-EF6DC4C09658}.Release|Any CPU.Build.0 = Release|Any CPU
		{45F4F50D-FC26-473C-87DC-C5188516616A}.Debug|Any CPU.ActiveCfg = Debug|Any CPU
		{45F4F50D-FC26-473C-87DC-C5188516616A}.Debug|Any CPU.Build.0 = Debug|Any CPU
		{45F4F50D-FC26-473C-87DC-C5188516616A}.Release|Any CPU.ActiveCfg = Release|Any CPU
		{45F4F50D-FC26-473C-87DC-C5188516616A}.Release|Any CPU.Build.0 = Release|Any CPU
	EndGlobalSection
	GlobalSection(SolutionProperties) = preSolution
		HideSolutionNode = FALSE
	EndGlobalSection
EndGlobal
